
Microsoft Visual Studio Solution File, Format Version 12.00
# Visual Studio 15
VisualStudioVersion = 15.0.26730.3
MinimumVisualStudioVersion = 10.0.40219.1
Project("{FAE04EC0-301F-11D3-BF4B-00C04F79EFBC}") = "PerformanceTipsTricks", "PerformanceTipsTricks\PerformanceTipsTricks.csproj", "{B145E36F-B856-4A37-A0E5-BB7C4D7E162D}"
EndProject
Global
	GlobalSection(SolutionConfigurationPlatforms) = preSolution
		Debug|Any CPU = Debug|Any CPU
		Release|Any CPU = Release|Any CPU
	EndGlobalSection
	GlobalSection(ProjectConfigurationPlatforms) = postSolution
		{B145E36F-B856-4A37-A0E5-BB7C4D7E162D}.Debug|Any CPU.ActiveCfg = Debug|Any CPU
		{B145E36F-B856-4A37-A0E5-BB7C4D7E162D}.Debug|Any CPU.Build.0 = Debug|Any CPU
		{B145E36F-B856-4A37-A0E5-BB7C4D7E162D}.Release|Any CPU.ActiveCfg = Release|Any CPU
		{B145E36F-B856-4A37-A0E5-BB7C4D7E162D}.Release|Any CPU.Build.0 = Release|Any CPU
	EndGlobalSection
	GlobalSection(SolutionProperties) = preSolution
		HideSolutionNode = FALSE
	EndGlobalSection
	GlobalSection(ExtensibilityGlobals) = postSolution
		SolutionGuid = {8CD7DAD9-1961-4271-9C14-6AC961066214}
	EndGlobalSection
EndGlobal
